
Microsoft Visual Studio Solution File, Format Version 12.00
# Visual Studio Version 17
VisualStudioVersion = 17.11.35303.130
MinimumVisualStudioVersion = 10.0.40219.1
Project("{F184B08F-C81C-45F6-A57F-5ABD9991F28F}") = "cleanmgrx", "CleanManager\cleanmgrx.vbproj", "{B149A277-59CE-4DFA-A9E9-1057468434BF}"
EndProject
Global
	GlobalSection(SolutionConfigurationPlatforms) = preSolution
		Debug|Any CPU = Debug|Any CPU
		Release|Any CPU = Release|Any CPU
	EndGlobalSection
	GlobalSection(ProjectConfigurationPlatforms) = postSolution
		{B149A277-59CE-4DFA-A9E9-1057468434BF}.Debug|Any CPU.ActiveCfg = Debug|Any CPU
		{B149A277-59CE-4DFA-A9E9-1057468434BF}.Debug|Any CPU.Build.0 = Debug|Any CPU
		{B149A277-59CE-4DFA-A9E9-1057468434BF}.Release|Any CPU.ActiveCfg = Release|Any CPU
		{B149A277-59CE-4DFA-A9E9-1057468434BF}.Release|Any CPU.Build.0 = Release|Any CPU
	EndGlobalSection
	GlobalSection(SolutionProperties) = preSolution
		HideSolutionNode = FALSE
	EndGlobalSection
	GlobalSection(ExtensibilityGlobals) = postSolution
		SolutionGuid = {9E00C5EE-FE63-4182-A211-4CA68D2C1FCF}
	EndGlobalSection
EndGlobal
